lockfileVersion: '6.0'

dependencies:
  '@clack/core':
    specifier: '=0.3.2'
    version: 0.3.2
  '@clack/prompts':
    specifier: '=0.6.3'
    version: 0.6.3

packages:

  /@clack/core@0.3.2:
    resolution: {integrity: sha512-FZnsNynwGDIDktx6PEZK1EuCkFpY4ldEX6VYvfl0dqeoLPb9Jpw1xoUXaVcGR8ExmYNm1w2vdGdJkEUYD/2pqg==}
    dependencies:
      picocolors: 1.0.0
      sisteransi: 1.0.5
    dev: false

  /@clack/prompts@0.6.3:
    resolution: {integrity: sha512-AM+kFmAHawpUQv2q9+mcB6jLKxXGjgu/r2EQjEwujgpCdzrST6BJqYw00GRn56/L/Izw5U7ImoLmy00X/r80Pw==}
    dependencies:
      '@clack/core': 0.3.2
      picocolors: 1.0.0
      sisteransi: 1.0.5
    dev: false
    bundledDependencies:
      - is-unicode-supported

  /picocolors@1.0.0:
    resolution: {integrity: sha512-1fygroTLlHu66zi26VoTDv8yRgm0Fccecssto+MhsZ0D/DGW2sm8E8AjW7NU5VVTRt5GxbeZ5qBuJr+HyLYkjQ==}
    dev: false

  /sisteransi@1.0.5:
    resolution: {integrity: sha512-bLGGlR1QxBcynn2d5YmDX4MGjlZvy2MRBDRNHLJ8VI6l6+9FUiyTFNJ0IveOSP0bcXgVDPRcfGqA0pjaqUpfVg==}
    dev: false
